{
  "lockfileVersion": 1,
  "configVersion": 1,
  "workspaces": {
    "": {
      "name": "bun-react-template",
      "dependencies": {
        "react": "^19",
        "react-dom": "^19",
        "web-audio-beat-detector": "8.2.36",
      },
      "devDependencies": {
        "@types/bun": "latest",
        "@types/react": "^19",
        "@types/react-dom": "^19",
      },
    },
  },
  "packages": {
    "@babel/runtime": ["@babel/runtime@7.29.2", "", {}, "sha512-JiDShH45zKHWyGe4ZNVRrCjBz8Nh9TMmZG1kh4QTK8hCBTWBi8Da+i7s1fJw7/lYpM4ccepSNfqzZ/QvABBi5g=="],

    "@types/bun": ["@types/bun@1.3.13", "", { "dependencies": { "bun-types": "1.3.13" } }, "sha512-9fqXWk5YIHGGnUau9TEi+qdlTYDAnOj+xLCmSTwXfAIqXr2x4tytJb43E9uCvt09zJURKXwAtkoH4nLQfzeTXw=="],

    "@types/node": ["@types/node@25.6.0", "", { "dependencies": { "undici-types": "~7.19.0" } }, "sha512-+qIYRKdNYJwY3vRCZMdJbPLJAtGjQBudzZzdzwQYkEPQd+PJGixUL5QfvCLDaULoLv+RhT3LDkwEfKaAkgSmNQ=="],

    "@types/react": ["@types/react@19.2.14", "", { "dependencies": { "csstype": "^3.2.2" } }, "sha512-ilcTH/UniCkMdtexkoCN0bI7pMcJDvmQFPvuPvmEaYA/NSfFTAgdUSLAoVjaRJm7+6PvcM+q1zYOwS4wTYMF9w=="],

    "@types/react-dom": ["@types/react-dom@19.2.3", "", { "peerDependencies": { "@types/react": "^19.2.0" } }, "sha512-jp2L/eY6fn+KgVVQAOqYItbF0VY/YApe5Mz2F0aykSO8gx31bYCZyvSeYxCHKvzHG5eZjc+zyaS5BrBWya2+kQ=="],

    "automation-events": ["automation-events@7.1.19", "", { "dependencies": { "@babel/runtime": "^7.29.2", "tslib": "^2.8.1" } }, "sha512-cD+TLhJTI0q4AI3ktd353lrGZiVa9AchowSDzQzzGjSoYe22js4vlS32VUtWuaulghi1Yq0KYNWKk9wWuGymPA=="],

    "broker-factory": ["broker-factory@3.1.14", "", { "dependencies": { "@babel/runtime": "^7.29.2", "fast-unique-numbers": "^9.0.27", "tslib": "^2.8.1", "worker-factory": "^7.0.49" } }, "sha512-L45k5HMbPIrMid0nTOZ/UPXG/c0aRuQKVrSDFIb1zOkvfiyHgYmIjc3cSiN1KwQIvRDOtKE0tfb3I9EZ3CmpQQ=="],

    "bun-types": ["bun-types@1.3.13", "", { "dependencies": { "@types/node": "*" } }, "sha512-QXKeHLlOLqQX9LgYaHJfzdBaV21T63HhFJnvuRCcjZiaUDpbs5ED1MgxbMra71CsryN/1dAoXuJJJwIv/2drVA=="],

    "csstype": ["csstype@3.2.3", "", {}, "sha512-z1HGKcYy2xA8AGQfwrn0PAy+PB7X/GSj3UVJW9qKyn43xWa+gl5nXmU4qqLMRzWVLFC8KusUX8T/0kCiOYpAIQ=="],

    "fast-unique-numbers": ["fast-unique-numbers@9.0.27", "", { "dependencies": { "@babel/runtime": "^7.29.2", "tslib": "^2.8.1" } }, "sha512-nDA9ADeINN8SA2u2wCtU+siWFTTDqQR37XvgPIDDmboWQeExz7X0mImxuaN+kJddliIqy2FpVRmnvRZ+j8i1/A=="],

    "react": ["react@19.2.5", "", {}, "sha512-llUJLzz1zTUBrskt2pwZgLq59AemifIftw4aB7JxOqf1HY2FDaGDxgwpAPVzHU1kdWabH7FauP4i1oEeer2WCA=="],

    "react-dom": ["react-dom@19.2.5", "", { "dependencies": { "scheduler": "^0.27.0" }, "peerDependencies": { "react": "^19.2.5" } }, "sha512-J5bAZz+DXMMwW/wV3xzKke59Af6CHY7G4uYLN1OvBcKEsWOs4pQExj86BBKamxl/Ik5bx9whOrvBlSDfWzgSag=="],

    "scheduler": ["scheduler@0.27.0", "", {}, "sha512-eNv+WrVbKu1f3vbYJT/xtiF5syA5HPIMtf9IgY/nKg0sWqzAUEvqY/xm7OcZc/qafLx/iO9FgOmeSAp4v5ti/Q=="],

    "standardized-audio-context": ["standardized-audio-context@25.3.77", "", { "dependencies": { "@babel/runtime": "^7.25.6", "automation-events": "^7.0.9", "tslib": "^2.7.0" } }, "sha512-Ki9zNz6pKcC5Pi+QPjPyVsD9GwJIJWgryji0XL9cAJXMGyn+dPOf6Qik1AHei0+UNVcc4BOCa0hWLBzlwqsW/A=="],

    "tslib": ["tslib@2.8.1", "", {}, "sha512-oJFu94HQb+KVduSUQL7wnpmqnfmLsOA/nAh6b6EH0wCEoK0/mPeXU6c3wKDV83MkOuHPRHtSXKKU99IBazS/2w=="],

    "undici-types": ["undici-types@7.19.2", "", {}, "sha512-qYVnV5OEm2AW8cJMCpdV20CDyaN3g0AjDlOGf1OW4iaDEx8MwdtChUp4zu4H0VP3nDRF/8RKWH+IPp9uW0YGZg=="],

    "web-audio-beat-detector": ["web-audio-beat-detector@8.2.36", "", { "dependencies": { "@babel/runtime": "^7.29.2", "tslib": "^2.8.1", "web-audio-beat-detector-broker": "^5.0.14", "web-audio-beat-detector-worker": "^6.0.13" } }, "sha512-jqPrbZaFdrQP0K346vFh7x6fBnbJKM+yHvZyKS0yU2p8VhfON0WclBspM8Ofr93SjVngvM6gdc8/Kj7xGAhs8A=="],

    "web-audio-beat-detector-broker": ["web-audio-beat-detector-broker@5.0.14", "", { "dependencies": { "@babel/runtime": "^7.29.2", "broker-factory": "^3.1.14", "standardized-audio-context": "^25.3.77", "tslib": "^2.8.1", "web-audio-beat-detector-worker": "^6.0.13" } }, "sha512-l33LRpk53No0F0ckciLQbhRzDnPErQKIOzyaU2RhE555bLoCct+vAfnmYDWabH+O2nwN6dvk8jeGX4aJ0FWmbg=="],

    "web-audio-beat-detector-worker": ["web-audio-beat-detector-worker@6.0.13", "", { "dependencies": { "@babel/runtime": "^7.29.2", "tslib": "^2.8.1", "worker-factory": "^7.0.49" } }, "sha512-z/++Lb95V/Fl9cDafX0AICJdI6m/fu1SCXgX1tQyxeTyuCo3SRh6hIoM9jFUSWlDZRYK0WbZGlCn0p9pxm/Ygg=="],

    "worker-factory": ["worker-factory@7.0.49", "", { "dependencies": { "@babel/runtime": "^7.29.2", "fast-unique-numbers": "^9.0.27", "tslib": "^2.8.1" } }, "sha512-lW7tpgy6aUv2dFsQhv1yv+XFzdkCf/leoKRTGMPVK5/die6RrUjqgJHJf556qO+ZfytNG6wPXc17E8zzsOLUDw=="],
  }
}
